<?xml version="1.0" encoding="utf-8"?>
<Project ToolsVersion="4.0" xmlns="http://schemas.microsoft.com/developer/msbuild/2003">
  <ItemGroup>
    <Filter Include="Source Files">
      <UniqueIdentifier>{4FC737F1-C7A5-4376-A066-2A32D752A2FF}</UniqueIdentifier>
      <Extensions>cpp;c;cc;cxx;def;odl;idl;hpj;bat;asm;asmx</Extensions>
    </Filter>
    <Filter Include="Header Files">
      <UniqueIdentifier>{93995380-89BD-4b04-88EB-625FBE52EBFB}</UniqueIdentifier>
      <Extensions>h;hh;hpp;hxx;hm;inl;inc;xsd</Extensions>
    </Filter>
    <Filter Include="Resource Files">
      <UniqueIdentifier>{67DA6AB6-F800-4c08-8B7A-83BB121AAD01}</UniqueIdentifier>
      <Extensions>rc;ico;cur;bmp;dlg;rc2;rct;bin;rgs;gif;jpg;jpeg;jpe;resx;tiff;tif;png;wav;mfcribbon-ms</Extensions>
    </Filter>
    <Filter Include="Form Files">
      <UniqueIdentifier>{99349809-55BA-4b9d-BF79-8FDBB0286EB3}</UniqueIdentifier>
      <Extensions>ui</Extensions>
    </Filter>
    <Filter Include="Resource Files">
      <UniqueIdentifier>{D9D6E242-F8AF-46E4-B9FD-80ECBC20BA3E}</UniqueIdentifier>
      <Extensions>qrc;*</Extensions>
      <ParseFiles>false</ParseFiles>
    </Filter>
  </ItemGroup>
  <ItemGroup>
    <QtRcc Include="project_managment.qrc">
      <Filter>Resource Files</Filter>
    </QtRcc>
    <QtUic Include="project_managment.ui">
      <Filter>Resource Files</Filter>
    </QtUic>
    <QtMoc Include="project_managment.h">
      <Filter>Header Files</Filter>
    </QtMoc>
    <ClCompile Include="project_managment.cpp">
      <Filter>Source Files</Filter>
    </ClCompile>
  </ItemGroup>
  <ItemGroup>
    <ClCompile Include="main.cpp">
      <Filter>Source Files</Filter>
    </ClCompile>
    <ClCompile Include="wiadomosci_okno.cpp">
      <Filter>Source Files</Filter>
    </ClCompile>
    <ClCompile Include="edycja_zadanie_okno.cpp">
      <Filter>Source Files</Filter>
    </ClCompile>
    <ClCompile Include="raport_edycja_okno.cpp">
      <Filter>Source Files</Filter>
    </ClCompile>
    <ClCompile Include="raport_tworz_okno.cpp">
      <Filter>Source Files</Filter>
    </ClCompile>
    <ClCompile Include="logowanie_okno.cpp">
      <Filter>Source Files</Filter>
    </ClCompile>
    <ClCompile Include="tabele.cpp">
      <Filter>Source Files</Filter>
    </ClCompile>
    <ClCompile Include="Modyfikator_bazy.cpp">
      <Filter>Source Files</Filter>
    </ClCompile>
    <ClCompile Include="Pobieranie_bazy.cpp">
      <Filter>Source Files</Filter>
    </ClCompile>
    <ClCompile Include="Fun-okno_logowania.cpp">
      <Filter>Source Files</Filter>
    </ClCompile>
    <ClCompile Include="Fun_projekty.cpp">
      <Filter>Source Files</Filter>
    </ClCompile>
    <ClCompile Include="projekty_zadania_okno.cpp">
      <Filter>Source Files</Filter>
    </ClCompile>
  </ItemGroup>
  <ItemGroup>
    <QtMoc Include="logowanie_okno.h">
      <Filter>Header Files</Filter>
    </QtMoc>
    <QtMoc Include="wiadomosci_okno.h">
      <Filter>Header Files</Filter>
    </QtMoc>
    <QtMoc Include="edycja_zadanie_okno.h">
      <Filter>Header Files</Filter>
    </QtMoc>
    <QtMoc Include="raport_edycja_okno.h">
      <Filter>Header Files</Filter>
    </QtMoc>
    <QtMoc Include="raport_tworz_okno.h">
      <Filter>Header Files</Filter>
    </QtMoc>
    <QtMoc Include="projekty_zadania_okno.h">
      <Filter>Header Files</Filter>
    </QtMoc>
  </ItemGroup>
  <ItemGroup>
    <QtUic Include="logowanie_okno.ui">
      <Filter>Form Files</Filter>
    </QtUic>
    <QtUic Include="wiadomosci_okno.ui">
      <Filter>Form Files</Filter>
    </QtUic>
    <QtUic Include="edycja_zadanie_okno.ui">
      <Filter>Form Files</Filter>
    </QtUic>
    <QtUic Include="raport_edycja_okno.ui">
      <Filter>Form Files</Filter>
    </QtUic>
    <QtUic Include="raport_tworz_okno.ui">
      <Filter>Form Files</Filter>
    </QtUic>
    <QtUic Include="projekty_zadania_okno.ui">
      <Filter>Form Files</Filter>
    </QtUic>
  </ItemGroup>
  <ItemGroup>
    <ClInclude Include="klasy.h">
      <Filter>Header Files</Filter>
    </ClInclude>
  </ItemGroup>
</Project>